// !$*UTF8*$!
{
	archiveVersion = 1;
	classes = {
	};
	objectVersion = 46;
	objects = {

/* Begin PBXBuildFile section */
		7038C8B11C7665E7009245BF /* AppDelegate.swift in Sources */ = {isa = PBXBuildFile; fileRef = 7038C8B01C7665E7009245BF /* AppDelegate.swift */; };
		7038C8B31C7665E7009245BF /* ViewController.swift in Sources */ = {isa = PBXBuildFile; fileRef = 7038C8B21C7665E7009245BF /* ViewController.swift */; };
		7038C8B61C7665E7009245BF /* Main.storyboard in Resources */ = {isa = PBXBuildFile; fileRef = 7038C8B41C7665E7009245BF /* Main.storyboard */; };
		7038C8B81C7665E7009245BF /* Assets.xcassets in Resources */ = {isa = PBXBuildFile; fileRef = 7038C8B71C7665E7009245BF /* Assets.xcassets */; };
		7038C8BB1C7665E7009245BF /* LaunchScreen.storyboard in Resources */ = {isa = PBXBuildFile; fileRef = 7038C8B91C7665E7009245BF /* LaunchScreen.storyboard */; };
		7038C8C61C7665E7009245BF /* BaseRomajiTests.swift in Sources */ = {isa = PBXBuildFile; fileRef = 7038C8C51C7665E7009245BF /* BaseRomajiTests.swift */; };
		7038C8D11C7665E7009245BF /* BaseRomajiUITests.swift in Sources */ = {isa = PBXBuildFile; fileRef = 7038C8D01C7665E7009245BF /* BaseRomajiUITests.swift */; };
		706F20AA1C9CA5890062C1B2 /* LessonViewController.swift in Sources */ = {isa = PBXBuildFile; fileRef = 706F20A91C9CA5890062C1B2 /* LessonViewController.swift */; };
		7072D5301C9EFC1E005A2F2C /* ExerciceViewController.swift in Sources */ = {isa = PBXBuildFile; fileRef = 7072D52F1C9EFC1E005A2F2C /* ExerciceViewController.swift */; };
		70AC9D821C9890F600478B97 /* LessonTableViewCell.swift in Sources */ = {isa = PBXBuildFile; fileRef = 70AC9D811C9890F600478B97 /* LessonTableViewCell.swift */; };
		70AC9D881C98BAD600478B97 /* LessonTableViewController.swift in Sources */ = {isa = PBXBuildFile; fileRef = 70AC9D871C98BAD600478B97 /* LessonTableViewController.swift */; };
		70AC9D8A1C98BB7200478B97 /* Lesson.swift in Sources */ = {isa = PBXBuildFile; fileRef = 70AC9D891C98BB7200478B97 /* Lesson.swift */; };
		70C24E151CB06B1A00185B34 /* Data.json in Resources */ = {isa = PBXBuildFile; fileRef = 70C24E141CB06B1A00185B34 /* Data.json */; };
		ACA4C872B90A700F1A5705A1 /* Pods_BaseRomaji.framework in Frameworks */ = {isa = PBXBuildFile; fileRef = AE4B3308C9E77D229EEACF19 /* Pods_BaseRomaji.framework */; };
/* End PBXBuildFile section */

/* Begin PBXContainerItemProxy section */
		7038C8C21C7665E7009245BF /* PBXContainerItemProxy */ = {
			isa = PBXContainerItemProxy;
			containerPortal = 7038C8A51C7665E7009245BF /* Project object */;
			proxyType = 1;
			remoteGlobalIDString = 7038C8AC1C7665E7009245BF;
			remoteInfo = BaseRomaji;
		};
		7038C8CD1C7665E7009245BF /* PBXContainerItemProxy */ = {
			isa = PBXContainerItemProxy;
			containerPortal = 7038C8A51C7665E7009245BF /* Project object */;
			proxyType = 1;
			remoteGlobalIDString = 7038C8AC1C7665E7009245BF;
			remoteInfo = BaseRomaji;
		};
/* End PBXContainerItemProxy section */

/* Begin PBXFileReference section */
		70099CA11CB03B4E00E79D2E /* SwiftyJSON */ = {isa = PBXFileReference; lastKnownFileType = folder; name = SwiftyJSON; path = Pods/SwiftyJSON; sourceTree = "<group>"; };
		70099CA31CB03B9100E79D2E /* SwiftyJSON.swift */ = {isa = PBXFileReference; lastKnownFileType = sourcecode.swift; name = SwiftyJSON.swift; path = Pods/SwiftyJSON/Source/SwiftyJSON.swift; sourceTree = "<group>"; };
		7038C8AD1C7665E7009245BF /* BaseRomaji.app */ = {isa = PBXFileReference; explicitFileType = wrapper.application; includeInIndex = 0; path = BaseRomaji.app; sourceTree = BUILT_PRODUCTS_DIR; };
		7038C8B01C7665E7009245BF /* AppDelegate.swift */ = {isa = PBXFileReference; lastKnownFileType = sourcecode.swift; path = AppDelegate.swift; sourceTree = "<group>"; };
		7038C8B21C7665E7009245BF /* ViewController.swift */ = {isa = PBXFileReference; lastKnownFileType = sourcecode.swift; path = ViewController.swift; sourceTree = "<group>"; };
		7038C8B51C7665E7009245BF /* Base */ = {isa = PBXFileReference; lastKnownFileType = file.storyboard; name = Base; path = Base.lproj/Main.storyboard; sourceTree = "<group>"; };
		7038C8B71C7665E7009245BF /* Assets.xcassets */ = {isa = PBXFileReference; lastKnownFileType = folder.assetcatalog; path = Assets.xcassets; sourceTree = "<group>"; };
		7038C8BA1C7665E7009245BF /* Base */ = {isa = PBXFileReference; lastKnownFileType = file.storyboard; name = Base; path = Base.lproj/LaunchScreen.storyboard; sourceTree = "<group>"; };
		7038C8BC1C7665E7009245BF /* Info.plist */ = {isa = PBXFileReference; lastKnownFileType = text.plist.xml; path = Info.plist; sourceTree = "<group>"; };
		7038C8C11C7665E7009245BF /* BaseRomajiTests.xctest */ = {isa = PBXFileReference; explicitFileType = wrapper.cfbundle; includeInIndex = 0; path = BaseRomajiTests.xctest; sourceTree = BUILT_PRODUCTS_DIR; };
		7038C8C51C7665E7009245BF /* BaseRomajiTests.swift */ = {isa = PBXFileReference; lastKnownFileType = sourcecode.swift; path = BaseRomajiTests.swift; sourceTree = "<group>"; };
		7038C8C71C7665E7009245BF /* Info.plist */ = {isa = PBXFileReference; lastKnownFileType = text.plist.xml; path = Info.plist; sourceTree = "<group>"; };
		7038C8CC1C7665E7009245BF /* BaseRomajiUITests.xctest */ = {isa = PBXFileReference; explicitFileType = wrapper.cfbundle; includeInIndex = 0; path = BaseRomajiUITests.xctest; sourceTree = BUILT_PRODUCTS_DIR; };
		7038C8D01C7665E7009245BF /* BaseRomajiUITests.swift */ = {isa = PBXFileReference; lastKnownFileType = sourcecode.swift; path = BaseRomajiUITests.swift; sourceTree = "<group>"; };
		7038C8D21C7665E7009245BF /* Info.plist */ = {isa = PBXFileReference; lastKnownFileType = text.plist.xml; path = Info.plist; sourceTree = "<group>"; };
		706F20A91C9CA5890062C1B2 /* LessonViewController.swift */ = {isa = PBXFileReference; fileEncoding = 4; lastKnownFileType = sourcecode.swift; path = LessonViewController.swift; sourceTree = "<group>"; };
		7072D52F1C9EFC1E005A2F2C /* ExerciceViewController.swift */ = {isa = PBXFileReference; fileEncoding = 4; lastKnownFileType = sourcecode.swift; path = ExerciceViewController.swift; sourceTree = "<group>"; };
		70AC9D811C9890F600478B97 /* LessonTableViewCell.swift */ = {isa = PBXFileReference; fileEncoding = 4; lastKnownFileType = sourcecode.swift; path = LessonTableViewCell.swift; sourceTree = "<group>"; };
		70AC9D871C98BAD600478B97 /* LessonTableViewController.swift */ = {isa = PBXFileReference; fileEncoding = 4; lastKnownFileType = sourcecode.swift; name = LessonTableViewController.swift; path = ../LessonTableViewController.swift; sourceTree = "<group>"; };
		70AC9D891C98BB7200478B97 /* Lesson.swift */ = {isa = PBXFileReference; fileEncoding = 4; lastKnownFileType = sourcecode.swift; path = Lesson.swift; sourceTree = "<group>"; };
		70C24E141CB06B1A00185B34 /* Data.json */ = {isa = PBXFileReference; fileEncoding = 4; lastKnownFileType = text.json; path = Data.json; sourceTree = "<group>"; };
		7517C3130BBB79E946C69DD6 /* Pods-BaseRomaji.release.xcconfig */ = {isa = PBXFileReference; includeInIndex = 1; lastKnownFileType = text.xcconfig; name = "Pods-BaseRomaji.release.xcconfig"; path = "Pods/Target Support Files/Pods-BaseRomaji/Pods-BaseRomaji.release.xcconfig"; sourceTree = "<group>"; };
		AE4B3308C9E77D229EEACF19 /* Pods_BaseRomaji.framework */ = {isa = PBXFileReference; explicitFileType = wrapper.framework; includeInIndex = 0; path = Pods_BaseRomaji.framework; sourceTree = BUILT_PRODUCTS_DIR; };
		CB19BEA6456394DC1F25C670 /* Pods-BaseRomaji.debug.xcconfig */ = {isa = PBXFileReference; includeInIndex = 1; lastKnownFileType = text.xcconfig; name = "Pods-BaseRomaji.debug.xcconfig"; path = "Pods/Target Support Files/Pods-BaseRomaji/Pods-BaseRomaji.debug.xcconfig"; sourceTree = "<group>"; };
/* End PBXFileReference section */

/* Begin PBXFrameworksBuildPhase section */
		7038C8AA1C7665E7009245BF /* Frameworks */ = {
			isa = PBXFrameworksBuildPhase;
			buildActionMask = 2147483647;
			files = (
				ACA4C872B90A700F1A5705A1 /* Pods_BaseRomaji.framework in Frameworks */,
			);
			runOnlyForDeploymentPostprocessing = 0;
		};
		7038C8BE1C7665E7009245BF /* Frameworks */ = {
			isa = PBXFrameworksBuildPhase;
			buildActionMask = 2147483647;
			files = (
			);
			runOnlyForDeploymentPostprocessing = 0;
		};
		7038C8C91C7665E7009245BF /* Frameworks */ = {
			isa = PBXFrameworksBuildPhase;
			buildActionMask = 2147483647;
			files = (
			);
			runOnlyForDeploymentPostprocessing = 0;
		};
/* End PBXFrameworksBuildPhase section */

/* Begin PBXGroup section */
		600D2771762B7EAA41EC61B7 /* Pods */ = {
			isa = PBXGroup;
			children = (
				CB19BEA6456394DC1F25C670 /* Pods-BaseRomaji.debug.xcconfig */,
				7517C3130BBB79E946C69DD6 /* Pods-BaseRomaji.release.xcconfig */,
			);
			name = Pods;
			sourceTree = "<group>";
		};
		7038C8A41C7665E7009245BF = {
			isa = PBXGroup;
			children = (
				7038C8AF1C7665E7009245BF /* BaseRomaji */,
				7038C8C41C7665E7009245BF /* BaseRomajiTests */,
				7038C8CF1C7665E7009245BF /* BaseRomajiUITests */,
				7038C8AE1C7665E7009245BF /* Products */,
				600D2771762B7EAA41EC61B7 /* Pods */,
				D4990147CA35F6FC47E4786E /* Frameworks */,
			);
			sourceTree = "<group>";
		};
		7038C8AE1C7665E7009245BF /* Products */ = {
			isa = PBXGroup;
			children = (
				7038C8AD1C7665E7009245BF /* BaseRomaji.app */,
				7038C8C11C7665E7009245BF /* BaseRomajiTests.xctest */,
				7038C8CC1C7665E7009245BF /* BaseRomajiUITests.xctest */,
			);
			name = Products;
			sourceTree = "<group>";
		};
		7038C8AF1C7665E7009245BF /* BaseRomaji */ = {
			isa = PBXGroup;
			children = (
				70C24E141CB06B1A00185B34 /* Data.json */,
				7072D52F1C9EFC1E005A2F2C /* ExerciceViewController.swift */,
				706F20A91C9CA5890062C1B2 /* LessonViewController.swift */,
				70AC9D891C98BB7200478B97 /* Lesson.swift */,
				70AC9D871C98BAD600478B97 /* LessonTableViewController.swift */,
				70AC9D811C9890F600478B97 /* LessonTableViewCell.swift */,
				7038C8B01C7665E7009245BF /* AppDelegate.swift */,
				7038C8B21C7665E7009245BF /* ViewController.swift */,
				7038C8B41C7665E7009245BF /* Main.storyboard */,
				7038C8B71C7665E7009245BF /* Assets.xcassets */,
				7038C8B91C7665E7009245BF /* LaunchScreen.storyboard */,
				7038C8BC1C7665E7009245BF /* Info.plist */,
			);
			path = BaseRomaji;
			sourceTree = "<group>";
		};
		7038C8C41C7665E7009245BF /* BaseRomajiTests */ = {
			isa = PBXGroup;
			children = (
				7038C8C51C7665E7009245BF /* BaseRomajiTests.swift */,
				7038C8C71C7665E7009245BF /* Info.plist */,
			);
			path = BaseRomajiTests;
			sourceTree = "<group>";
		};
		7038C8CF1C7665E7009245BF /* BaseRomajiUITests */ = {
			isa = PBXGroup;
			children = (
				7038C8D01C7665E7009245BF /* BaseRomajiUITests.swift */,
				7038C8D21C7665E7009245BF /* Info.plist */,
			);
			path = BaseRomajiUITests;
			sourceTree = "<group>";
		};
		D4990147CA35F6FC47E4786E /* Frameworks */ = {
			isa = PBXGroup;
			children = (
				70099CA31CB03B9100E79D2E /* SwiftyJSON.swift */,
				70099CA11CB03B4E00E79D2E /* SwiftyJSON */,
				AE4B3308C9E77D229EEACF19 /* Pods_BaseRomaji.framework */,
			);
			name = Frameworks;
			sourceTree = "<group>";
		};
/* End PBXGroup section */

/* Begin PBXNativeTarget section */
		7038C8AC1C7665E7009245BF /* BaseRomaji */ = {
			isa = PBXNativeTarget;
			buildConfigurationList = 7038C8D51C7665E7009245BF /* Build configuration list for PBXNativeTarget "BaseRomaji" */;
			buildPhases = (
				9C143C5BE8B4B8C0069F18D9 /* Check Pods Manifest.lock */,
				7038C8A91C7665E7009245BF /* Sources */,
				7038C8AA1C7665E7009245BF /* Frameworks */,
				7038C8AB1C7665E7009245BF /* Resources */,
				359AB9474C96ED3294D7BD02 /* Embed Pods Frameworks */,
				5B408B9F81F6154AD20B1840 /* Copy Pods Resources */,
			);
			buildRules = (
			);
			dependencies = (
			);
			name = BaseRomaji;
			productName = BaseRomaji;
			productReference = 7038C8AD1C7665E7009245BF /* BaseRomaji.app */;
			productType = "com.apple.product-type.application";
		};
		7038C8C01C7665E7009245BF /* BaseRomajiTests */ = {
			isa = PBXNativeTarget;
			buildConfigurationList = 7038C8D81C7665E7009245BF /* Build configuration list for PBXNativeTarget "BaseRomajiTests" */;
			buildPhases = (
				7038C8BD1C7665E7009245BF /* Sources */,
				7038C8BE1C7665E7009245BF /* Frameworks */,
				7038C8BF1C7665E7009245BF /* Resources */,
			);
			buildRules = (
			);
			dependencies = (
				7038C8C31C7665E7009245BF /* PBXTargetDependency */,
			);
			name = BaseRomajiTests;
			productName = BaseRomajiTests;
			productReference = 7038C8C11C7665E7009245BF /* BaseRomajiTests.xctest */;
			productType = "com.apple.product-type.bundle.unit-test";
		};
		7038C8CB1C7665E7009245BF /* BaseRomajiUITests */ = {
			isa = PBXNativeTarget;
			buildConfigurationList = 7038C8DB1C7665E7009245BF /* Build configuration list for PBXNativeTarget "BaseRomajiUITests" */;
			buildPhases = (
				7038C8C81C7665E7009245BF /* Sources */,
				7038C8C91C7665E7009245BF /* Frameworks */,
				7038C8CA1C7665E7009245BF /* Resources */,
			);
			buildRules = (
			);
			dependencies = (
				7038C8CE1C7665E7009245BF /* PBXTargetDependency */,
			);
			name = BaseRomajiUITests;
			productName = BaseRomajiUITests;
			productReference = 7038C8CC1C7665E7009245BF /* BaseRomajiUITests.xctest */;
			productType = "com.apple.product-type.bundle.ui-testing";
		};
/* End PBXNativeTarget section */

/* Begin PBXProject section */
		7038C8A51C7665E7009245BF /* Project object */ = {
			isa = PBXProject;
			attributes = {
				LastSwiftUpdateCheck = 0720;
				LastUpgradeCheck = 0720;
				ORGANIZATIONNAME = "Mathieu MOLE";
				TargetAttributes = {
					7038C8AC1C7665E7009245BF = {
						CreatedOnToolsVersion = 7.2;
					};
					7038C8C01C7665E7009245BF = {
						CreatedOnToolsVersion = 7.2;
						TestTargetID = 7038C8AC1C7665E7009245BF;
					};
					7038C8CB1C7665E7009245BF = {
						CreatedOnToolsVersion = 7.2;
						TestTargetID = 7038C8AC1C7665E7009245BF;
					};
				};
			};
			buildConfigurationList = 7038C8A81C7665E7009245BF /* Build configuration list for PBXProject "BaseRomaji" */;
			compatibilityVersion = "Xcode 3.2";
			developmentRegion = English;
			hasScannedForEncodings = 0;
			knownRegions = (
				en,
				Base,
			);
			mainGroup = 7038C8A41C7665E7009245BF;
			productRefGroup = 7038C8AE1C7665E7009245BF /* Products */;
			projectDirPath = "";
			projectRoot = "";
			targets = (
				7038C8AC1C7665E7009245BF /* BaseRomaji */,
				7038C8C01C7665E7009245BF /* BaseRomajiTests */,
				7038C8CB1C7665E7009245BF /* BaseRomajiUITests */,
			);
		};
/* End PBXProject section */

/* Begin PBXResourcesBuildPhase section */
		7038C8AB1C7665E7009245BF /* Resources */ = {
			isa = PBXResourcesBuildPhase;
			buildActionMask = 2147483647;
			files = (
				7038C8BB1C7665E7009245BF /* LaunchScreen.storyboard in Resources */,
				7038C8B81C7665E7009245BF /* Assets.xcassets in Resources */,
				7038C8B61C7665E7009245BF /* Main.storyboard in Resources */,
				70C24E151CB06B1A00185B34 /* Data.json in Resources */,
			);
			runOnlyForDeploymentPostprocessing = 0;
		};
		7038C8BF1C7665E7009245BF /* Resources */ = {
			isa = PBXResourcesBuildPhase;
			buildActionMask = 2147483647;
			files = (
			);
			runOnlyForDeploymentPostprocessing = 0;
		};
		7038C8CA1C7665E7009245BF /* Resources */ = {
			isa = PBXResourcesBuildPhase;
			buildActionMask = 2147483647;
			files = (
			);
			runOnlyForDeploymentPostprocessing = 0;
		};
/* End PBXResourcesBuildPhase section */

/* Begin PBXShellScriptBuildPhase section */
		359AB9474C96ED3294D7BD02 /* Embed Pods Frameworks */ = {
			isa = PBXShellScriptBuildPhase;
			buildActionMask = 2147483647;
			files = (
			);
			inputPaths = (
			);
			name = "Embed Pods Frameworks";
			outputPaths = (
			);
			runOnlyForDeploymentPostprocessing = 0;
			shellPath = /bin/sh;
			shellScript = "\"${SRCROOT}/Pods/Target Support Files/Pods-BaseRomaji/Pods-BaseRomaji-frameworks.sh\"\n";
			showEnvVarsInLog = 0;
		};
		5B408B9F81F6154AD20B1840 /* Copy Pods Resources */ = {
			isa = PBXShellScriptBuildPhase;
			buildActionMask = 2147483647;
			files = (
			);
			inputPaths = (
			);
			name = "Copy Pods Resources";
			outputPaths = (
			);
			runOnlyForDeploymentPostprocessing = 0;
			shellPath = /bin/sh;
			shellScript = "\"${SRCROOT}/Pods/Target Support Files/Pods-BaseRomaji/Pods-BaseRomaji-resources.sh\"\n";
			showEnvVarsInLog = 0;
		};
		9C143C5BE8B4B8C0069F18D9 /* Check Pods Manifest.lock */ = {
			isa = PBXShellScriptBuildPhase;
			buildActionMask = 2147483647;
			files = (
			);
			inputPaths = (
			);
			name = "Check Pods Manifest.lock";
			outputPaths = (
			);
			runOnlyForDeploymentPostprocessing = 0;
			shellPath = /bin/sh;
			shellScript = "diff \"${PODS_ROOT}/../Podfile.lock\" \"${PODS_ROOT}/Manifest.lock\" > /dev/null\nif [[ $? != 0 ]] ; then\n    cat << EOM\nerror: The sandbox is not in sync with the Podfile.lock. Run 'pod install' or update your CocoaPods installation.\nEOM\n    exit 1\nfi\n";
			showEnvVarsInLog = 0;
		};
/* End PBXShellScriptBuildPhase section */

/* Begin PBXSourcesBuildPhase section */
		7038C8A91C7665E7009245BF /* Sources */ = {
			isa = PBXSourcesBuildPhase;
			buildActionMask = 2147483647;
			files = (
				706F20AA1C9CA5890062C1B2 /* LessonViewController.swift in Sources */,
				70AC9D881C98BAD600478B97 /* LessonTableViewController.swift in Sources */,
				7038C8B31C7665E7009245BF /* ViewController.swift in Sources */,
				70AC9D8A1C98BB7200478B97 /* Lesson.swift in Sources */,
				7038C8B11C7665E7009245BF /* AppDelegate.swift in Sources */,
				7072D5301C9EFC1E005A2F2C /* ExerciceViewController.swift in Sources */,
				70AC9D821C9890F600478B97 /* LessonTableViewCell.swift in Sources */,
			);
			runOnlyForDeploymentPostprocessing = 0;
		};
		7038C8BD1C7665E7009245BF /* Sources */ = {
			isa = PBXSourcesBuildPhase;
			buildActionMask = 2147483647;
			files = (
				7038C8C61C7665E7009245BF /* BaseRomajiTests.swift in Sources */,
			);
			runOnlyForDeploymentPostprocessing = 0;
		};
		7038C8C81C7665E7009245BF /* Sources */ = {
			isa = PBXSourcesBuildPhase;
			buildActionMask = 2147483647;
			files = (
				7038C8D11C7665E7009245BF /* BaseRomajiUITests.swift in Sources */,
			);
			runOnlyForDeploymentPostprocessing = 0;
		};
/* End PBXSourcesBuildPhase section */

/* Begin PBXTargetDependency section */
		7038C8C31C7665E7009245BF /* PBXTargetDependency */ = {
			isa = PBXTargetDependency;
			target = 7038C8AC1C7665E7009245BF /* BaseRomaji */;
			targetProxy = 7038C8C21C7665E7009245BF /* PBXContainerItemProxy */;
		};
		7038C8CE1C7665E7009245BF /* PBXTargetDependency */ = {
			isa = PBXTargetDependency;
			target = 7038C8AC1C7665E7009245BF /* BaseRomaji */;
			targetProxy = 7038C8CD1C7665E7009245BF /* PBXContainerItemProxy */;
		};
/* End PBXTargetDependency section */

/* Begin PBXVariantGroup section */
		7038C8B41C7665E7009245BF /* Main.storyboard */ = {
			isa = PBXVariantGroup;
			children = (
				7038C8B51C7665E7009245BF /* Base */,
			);
			name = Main.storyboard;
			sourceTree = "<group>";
		};
		7038C8B91C7665E7009245BF /* LaunchScreen.storyboard */ = {
			isa = PBXVariantGroup;
			children = (
				7038C8BA1C7665E7009245BF /* Base */,
			);
			name = LaunchScreen.storyboard;
			sourceTree = "<group>";
		};
/* End PBXVariantGroup section */

/* Begin XCBuildConfiguration section */
		7038C8D31C7665E7009245BF /* Debug */ = {
			isa = XCBuildConfiguration;
			buildSettings = {
				ALWAYS_SEARCH_USER_PATHS = NO;
				CLANG_CXX_LANGUAGE_STANDARD = "gnu++0x";
				CLANG_CXX_LIBRARY = "libc++";
				CLANG_ENABLE_MODULES = YES;
				CLANG_ENABLE_OBJC_ARC = YES;
				CLANG_WARN_BOOL_CONVERSION = YES;
				CLANG_WARN_CONSTANT_CONVERSION = YES;
				CLANG_WARN_DIRECT_OBJC_ISA_USAGE = YES_ERROR;
				CLANG_WARN_EMPTY_BODY = YES;
				CLANG_WARN_ENUM_CONVERSION = YES;
				CLANG_WARN_INT_CONVERSION = YES;
				CLANG_WARN_OBJC_ROOT_CLASS = YES_ERROR;
				CLANG_WARN_UNREACHABLE_CODE = YES;
				CLANG_WARN__DUPLICATE_METHOD_MATCH = YES;
				"CODE_SIGN_IDENTITY[sdk=iphoneos*]" = "iPhone Developer";
				COPY_PHASE_STRIP = NO;
				DEBUG_INFORMATION_FORMAT = dwarf;
				ENABLE_STRICT_OBJC_MSGSEND = YES;
				ENABLE_TESTABILITY = YES;
				GCC_C_LANGUAGE_STANDARD = gnu99;
				GCC_DYNAMIC_NO_PIC = NO;
				GCC_NO_COMMON_BLOCKS = YES;
				GCC_OPTIMIZATION_LEVEL = 0;
				GCC_PREPROCESSOR_DEFINITIONS = (
					"DEBUG=1",
					"$(inherited)",
				);
				GCC_WARN_64_TO_32_BIT_CONVERSION = YES;
				GCC_WARN_ABOUT_RETURN_TYPE = YES_ERROR;
				GCC_WARN_UNDECLARED_SELECTOR = YES;
				GCC_WARN_UNINITIALIZED_AUTOS = YES_AGGRESSIVE;
				GCC_WARN_UNUSED_FUNCTION = YES;
				GCC_WARN_UNUSED_VARIABLE = YES;
				IPHONEOS_DEPLOYMENT_TARGET = 9.2;
				MTL_ENABLE_DEBUG_INFO = YES;
				ONLY_ACTIVE_ARCH = YES;
				SDKROOT = iphoneos;
				SWIFT_OPTIMIZATION_LEVEL = "-Onone";
				TARGETED_DEVICE_FAMILY = "1,2";
			};
			name = Debug;
		};
		7038C8D41C7665E7009245BF /* Release */ = {
			isa = XCBuildConfiguration;
			buildSettings = {
				ALWAYS_SEARCH_USER_PATHS = NO;
				CLANG_CXX_LANGUAGE_STANDARD = "gnu++0x";
				CLANG_CXX_LIBRARY = "libc++";
				CLANG_ENABLE_MODULES = YES;
				CLANG_ENABLE_OBJC_ARC = YES;
				CLANG_WARN_BOOL_CONVERSION = YES;
				CLANG_WARN_CONSTANT_CONVERSION = YES;
				CLANG_WARN_DIRECT_OBJC_ISA_USAGE = YES_ERROR;
				CLANG_WARN_EMPTY_BODY = YES;
				CLANG_WARN_ENUM_CONVERSION = YES;
				CLANG_WARN_INT_CONVERSION = YES;
				CLANG_WARN_OBJC_ROOT_CLASS = YES_ERROR;
				CLANG_WARN_UNREACHABLE_CODE = YES;
				CLANG_WARN__DUPLICATE_METHOD_MATCH = YES;
				"CODE_SIGN_IDENTITY[sdk=iphoneos*]" = "iPhone Developer";
				COPY_PHASE_STRIP = NO;
				DEBUG_INFORMATION_FORMAT = "dwarf-with-dsym";
				ENABLE_NS_ASSERTIONS = NO;
				ENABLE_STRICT_OBJC_MSGSEND = YES;
				GCC_C_LANGUAGE_STANDARD = gnu99;
				GCC_NO_COMMON_BLOCKS = YES;
				GCC_WARN_64_TO_32_BIT_CONVERSION = YES;
				GCC_WARN_ABOUT_RETURN_TYPE = YES_ERROR;
				GCC_WARN_UNDECLARED_SELECTOR = YES;
				GCC_WARN_UNINITIALIZED_AUTOS = YES_AGGRESSIVE;
				GCC_WARN_UNUSED_FUNCTION = YES;
				GCC_WARN_UNUSED_VARIABLE = YES;
				IPHONEOS_DEPLOYMENT_TARGET = 9.2;
				MTL_ENABLE_DEBUG_INFO = NO;
				SDKROOT = iphoneos;
				TARGETED_DEVICE_FAMILY = "1,2";
				VALIDATE_PRODUCT = YES;
			};
			name = Release;
		};
		7038C8D61C7665E7009245BF /* Debug */ = {
			isa = XCBuildConfiguration;
			baseConfigurationReference = CB19BEA6456394DC1F25C670 /* Pods-BaseRomaji.debug.xcconfig */;
			buildSettings = {
				ASSETCATALOG_COMPILER_APPICON_NAME = AppIcon;
				INFOPLIST_FILE = BaseRomaji/Info.plist;
				LD_RUNPATH_SEARCH_PATHS = "$(inherited) @executable_path/Frameworks";
				PRODUCT_BUNDLE_IDENTIFIER = blue42.BaseRomaji;
				PRODUCT_NAME = "$(TARGET_NAME)";
				TARGETED_DEVICE_FAMILY = "1,2";
			};
			name = Debug;
		};
		7038C8D71C7665E7009245BF /* Release */ = {
			isa = XCBuildConfiguration;
			baseConfigurationReference = 7517C3130BBB79E946C69DD6 /* Pods-BaseRomaji.release.xcconfig */;
			buildSettings = {
				ASSETCATALOG_COMPILER_APPICON_NAME = AppIcon;
				INFOPLIST_FILE = BaseRomaji/Info.plist;
				LD_RUNPATH_SEARCH_PATHS = "$(inherited) @executable_path/Frameworks";
				PRODUCT_BUNDLE_IDENTIFIER = blue42.BaseRomaji;
				PRODUCT_NAME = "$(TARGET_NAME)";
				TARGETED_DEVICE_FAMILY = "1,2";
			};
			name = Release;
		};
		7038C8D91C7665E7009245BF /* Debug */ = {
			isa = XCBuildConfiguration;
			buildSettings = {
				BUNDLE_LOADER = "$(TEST_HOST)";
				INFOPLIST_FILE = BaseRomajiTests/Info.plist;
				LD_RUNPATH_SEARCH_PATHS = "$(inherited) @executable_path/Frameworks @loader_path/Frameworks";
				PRODUCT_BUNDLE_IDENTIFIER = blue42.BaseRomajiTests;
				PRODUCT_NAME = "$(TARGET_NAME)";
				TEST_HOST = "$(BUILT_PRODUCTS_DIR)/BaseRomaji.app/BaseRomaji";
			};
			name = Debug;
		};
		7038C8DA1C7665E7009245BF /* Release */ = {
			isa = XCBuildConfiguration;
			buildSettings = {
				BUNDLE_LOADER = "$(TEST_HOST)";
				INFOPLIST_FILE = BaseRomajiTests/Info.plist;
				LD_RUNPATH_SEARCH_PATHS = "$(inherited) @executable_path/Frameworks @loader_path/Frameworks";
				PRODUCT_BUNDLE_IDENTIFIER = blue42.BaseRomajiTests;
				PRODUCT_NAME = "$(TARGET_NAME)";
				TEST_HOST = "$(BUILT_PRODUCTS_DIR)/BaseRomaji.app/BaseRomaji";
			};
			name = Release;
		};
		7038C8DC1C7665E7009245BF /* Debug */ = {
			isa = XCBuildConfiguration;
			buildSettings = {
				INFOPLIST_FILE = BaseRomajiUITests/Info.plist;
				LD_RUNPATH_SEARCH_PATHS = "$(inherited) @executable_path/Frameworks @loader_path/Frameworks";
				PRODUCT_BUNDLE_IDENTIFIER = blue42.BaseRomajiUITests;
				PRODUCT_NAME = "$(TARGET_NAME)";
				TEST_TARGET_NAME = BaseRomaji;
				USES_XCTRUNNER = YES;
			};
			name = Debug;
		};
		7038C8DD1C7665E7009245BF /* Release */ = {
			isa = XCBuildConfiguration;
			buildSettings = {
				INFOPLIST_FILE = BaseRomajiUITests/Info.plist;
				LD_RUNPATH_SEARCH_PATHS = "$(inherited) @executable_path/Frameworks @loader_path/Frameworks";
				PRODUCT_BUNDLE_IDENTIFIER = blue42.BaseRomajiUITests;
				PRODUCT_NAME = "$(TARGET_NAME)";
				TEST_TARGET_NAME = BaseRomaji;
				USES_XCTRUNNER = YES;
			};
			name = Release;
		};
/* End XCBuildConfiguration section */

/* Begin XCConfigurationList section */
		7038C8A81C7665E7009245BF /* Build configuration list for PBXProject "BaseRomaji" */ = {
			isa = XCConfigurationList;
			buildConfigurations = (
				7038C8D31C7665E7009245BF /* Debug */,
				7038C8D41C7665E7009245BF /* Release */,
			);
			defaultConfigurationIsVisible = 0;
			defaultConfigurationName = Release;
		};
		7038C8D51C7665E7009245BF /* Build configuration list for PBXNativeTarget "BaseRomaji" */ = {
			isa = XCConfigurationList;
			buildConfigurations = (
				7038C8D61C7665E7009245BF /* Debug */,
				7038C8D71C7665E7009245BF /* Release */,
			);
			defaultConfigurationIsVisible = 0;
			defaultConfigurationName = Release;
		};
		7038C8D81C7665E7009245BF /* Build configuration list for PBXNativeTarget "BaseRomajiTests" */ = {
			isa = XCConfigurationList;
			buildConfigurations = (
				7038C8D91C7665E7009245BF /* Debug */,
				7038C8DA1C7665E7009245BF /* Release */,
			);
			defaultConfigurationIsVisible = 0;
			defaultConfigurationName = Release;
		};
		7038C8DB1C7665E7009245BF /* Build configuration list for PBXNativeTarget "BaseRomajiUITests" */ = {
			isa = XCConfigurationList;
			buildConfigurations = (
				7038C8DC1C7665E7009245BF /* Debug */,
				7038C8DD1C7665E7009245BF /* Release */,
			);
			defaultConfigurationIsVisible = 0;
			defaultConfigurationName = Release;
		};
/* End XCConfigurationList section */
	};
	rootObject = 7038C8A51C7665E7009245BF /* Project object */;
}
